// !$*UTF8*$!
{
	archiveVersion = 1;
	classes = {
	};
	objectVersion = 46;
	objects = {

/* Begin PBXBuildFile section */
		1B14D2D61CF6BD3800E525DE /* AppDelegate.swift in Sources */ = {isa = PBXBuildFile; fileRef = 1B14D2D51CF6BD3800E525DE /* AppDelegate.swift */; };
		1B14D2D81CF6BD3800E525DE /* ViewController.swift in Sources */ = {isa = PBXBuildFile; fileRef = 1B14D2D71CF6BD3800E525DE /* ViewController.swift */; };
		1B14D2DB1CF6BD3800E525DE /* Main.storyboard in Resources */ = {isa = PBXBuildFile; fileRef = 1B14D2D91CF6BD3800E525DE /* Main.storyboard */; };
		1B14D2DD1CF6BD3800E525DE /* Assets.xcassets in Resources */ = {isa = PBXBuildFile; fileRef = 1B14D2DC1CF6BD3800E525DE /* Assets.xcassets */; };
		1B14D2E01CF6BD3800E525DE /* LaunchScreen.storyboard in Resources */ = {isa = PBXBuildFile; fileRef = 1B14D2DE1CF6BD3800E525DE /* LaunchScreen.storyboard */; };
		1B14D2EB1CF6BD3900E525DE /* sampleRecorderTests.swift in Sources */ = {isa = PBXBuildFile; fileRef = 1B14D2EA1CF6BD3900E525DE /* sampleRecorderTests.swift */; };
		1B14D2F61CF6BD3900E525DE /* sampleRecorderUITests.swift in Sources */ = {isa = PBXBuildFile; fileRef = 1B14D2F51CF6BD3900E525DE /* sampleRecorderUITests.swift */; };
/* End PBXBuildFile section */

/* Begin PBXContainerItemProxy section */
		1B14D2E71CF6BD3900E525DE /* PBXContainerItemProxy */ = {
			isa = PBXContainerItemProxy;
			containerPortal = 1B14D2CA1CF6BD3800E525DE /* Project object */;
			proxyType = 1;
			remoteGlobalIDString = 1B14D2D11CF6BD3800E525DE;
			remoteInfo = sampleRecorder;
		};
		1B14D2F21CF6BD3900E525DE /* PBXContainerItemProxy */ = {
			isa = PBXContainerItemProxy;
			containerPortal = 1B14D2CA1CF6BD3800E525DE /* Project object */;
			proxyType = 1;
			remoteGlobalIDString = 1B14D2D11CF6BD3800E525DE;
			remoteInfo = sampleRecorder;
		};
/* End PBXContainerItemProxy section */

/* Begin PBXFileReference section */
		1B14D2D21CF6BD3800E525DE /* sampleRecorder.app */ = {isa = PBXFileReference; explicitFileType = wrapper.application; includeInIndex = 0; path = sampleRecorder.app; sourceTree = BUILT_PRODUCTS_DIR; };
		1B14D2D51CF6BD3800E525DE /* AppDelegate.swift */ = {isa = PBXFileReference; lastKnownFileType = sourcecode.swift; path = AppDelegate.swift; sourceTree = "<group>"; };
		1B14D2D71CF6BD3800E525DE /* ViewController.swift */ = {isa = PBXFileReference; lastKnownFileType = sourcecode.swift; path = ViewController.swift; sourceTree = "<group>"; };
		1B14D2DA1CF6BD3800E525DE /* Base */ = {isa = PBXFileReference; lastKnownFileType = file.storyboard; name = Base; path = Base.lproj/Main.storyboard; sourceTree = "<group>"; };
		1B14D2DC1CF6BD3800E525DE /* Assets.xcassets */ = {isa = PBXFileReference; lastKnownFileType = folder.assetcatalog; path = Assets.xcassets; sourceTree = "<group>"; };
		1B14D2DF1CF6BD3800E525DE /* Base */ = {isa = PBXFileReference; lastKnownFileType = file.storyboard; name = Base; path = Base.lproj/LaunchScreen.storyboard; sourceTree = "<group>"; };
		1B14D2E11CF6BD3800E525DE /* Info.plist */ = {isa = PBXFileReference; lastKnownFileType = text.plist.xml; path = Info.plist; sourceTree = "<group>"; };
		1B14D2E61CF6BD3900E525DE /* sampleRecorderTests.xctest */ = {isa = PBXFileReference; explicitFileType = wrapper.cfbundle; includeInIndex = 0; path = sampleRecorderTests.xctest; sourceTree = BUILT_PRODUCTS_DIR; };
		1B14D2EA1CF6BD3900E525DE /* sampleRecorderTests.swift */ = {isa = PBXFileReference; lastKnownFileType = sourcecode.swift; path = sampleRecorderTests.swift; sourceTree = "<group>"; };
		1B14D2EC1CF6BD3900E525DE /* Info.plist */ = {isa = PBXFileReference; lastKnownFileType = text.plist.xml; path = Info.plist; sourceTree = "<group>"; };
		1B14D2F11CF6BD3900E525DE /* sampleRecorderUITests.xctest */ = {isa = PBXFileReference; explicitFileType = wrapper.cfbundle; includeInIndex = 0; path = sampleRecorderUITests.xctest; sourceTree = BUILT_PRODUCTS_DIR; };
		1B14D2F51CF6BD3900E525DE /* sampleRecorderUITests.swift */ = {isa = PBXFileReference; lastKnownFileType = sourcecode.swift; path = sampleRecorderUITests.swift; sourceTree = "<group>"; };
		1B14D2F71CF6BD3900E525DE /* Info.plist */ = {isa = PBXFileReference; lastKnownFileType = text.plist.xml; path = Info.plist; sourceTree = "<group>"; };
/* End PBXFileReference section */

/* Begin PBXFrameworksBuildPhase section */
		1B14D2CF1CF6BD3800E525DE /* Frameworks */ = {
			isa = PBXFrameworksBuildPhase;
			buildActionMask = 2147483647;
			files = (
			);
			runOnlyForDeploymentPostprocessing = 0;
		};
		1B14D2E31CF6BD3900E525DE /* Frameworks */ = {
			isa = PBXFrameworksBuildPhase;
			buildActionMask = 2147483647;
			files = (
			);
			runOnlyForDeploymentPostprocessing = 0;
		};
		1B14D2EE1CF6BD3900E525DE /* Frameworks */ = {
			isa = PBXFrameworksBuildPhase;
			buildActionMask = 2147483647;
			files = (
			);
			runOnlyForDeploymentPostprocessing = 0;
		};
/* End PBXFrameworksBuildPhase section */

/* Begin PBXGroup section */
		1B14D2C91CF6BD3800E525DE = {
			isa = PBXGroup;
			children = (
				1B14D2D41CF6BD3800E525DE /* sampleRecorder */,
				1B14D2E91CF6BD3900E525DE /* sampleRecorderTests */,
				1B14D2F41CF6BD3900E525DE /* sampleRecorderUITests */,
				1B14D2D31CF6BD3800E525DE /* Products */,
			);
			sourceTree = "<group>";
		};
		1B14D2D31CF6BD3800E525DE /* Products */ = {
			isa = PBXGroup;
			children = (
				1B14D2D21CF6BD3800E525DE /* sampleRecorder.app */,
				1B14D2E61CF6BD3900E525DE /* sampleRecorderTests.xctest */,
				1B14D2F11CF6BD3900E525DE /* sampleRecorderUITests.xctest */,
			);
			name = Products;
			sourceTree = "<group>";
		};
		1B14D2D41CF6BD3800E525DE /* sampleRecorder */ = {
			isa = PBXGroup;
			children = (
				1B14D2D51CF6BD3800E525DE /* AppDelegate.swift */,
				1B14D2D71CF6BD3800E525DE /* ViewController.swift */,
				1B14D2D91CF6BD3800E525DE /* Main.storyboard */,
				1B14D2DC1CF6BD3800E525DE /* Assets.xcassets */,
				1B14D2DE1CF6BD3800E525DE /* LaunchScreen.storyboard */,
				1B14D2E11CF6BD3800E525DE /* Info.plist */,
			);
			path = sampleRecorder;
			sourceTree = "<group>";
		};
		1B14D2E91CF6BD3900E525DE /* sampleRecorderTests */ = {
			isa = PBXGroup;
			children = (
				1B14D2EA1CF6BD3900E525DE /* sampleRecorderTests.swift */,
				1B14D2EC1CF6BD3900E525DE /* Info.plist */,
			);
			path = sampleRecorderTests;
			sourceTree = "<group>";
		};
		1B14D2F41CF6BD3900E525DE /* sampleRecorderUITests */ = {
			isa = PBXGroup;
			children = (
				1B14D2F51CF6BD3900E525DE /* sampleRecorderUITests.swift */,
				1B14D2F71CF6BD3900E525DE /* Info.plist */,
			);
			path = sampleRecorderUITests;
			sourceTree = "<group>";
		};
/* End PBXGroup section */

/* Begin PBXNativeTarget section */
		1B14D2D11CF6BD3800E525DE /* sampleRecorder */ = {
			isa = PBXNativeTarget;
			buildConfigurationList = 1B14D2FA1CF6BD3900E525DE /* Build configuration list for PBXNativeTarget "sampleRecorder" */;
			buildPhases = (
				1B14D2CE1CF6BD3800E525DE /* Sources */,
				1B14D2CF1CF6BD3800E525DE /* Frameworks */,
				1B14D2D01CF6BD3800E525DE /* Resources */,
			);
			buildRules = (
			);
			dependencies = (
			);
			name = sampleRecorder;
			productName = sampleRecorder;
			productReference = 1B14D2D21CF6BD3800E525DE /* sampleRecorder.app */;
			productType = "com.apple.product-type.application";
		};
		1B14D2E51CF6BD3900E525DE /* sampleRecorderTests */ = {
			isa = PBXNativeTarget;
			buildConfigurationList = 1B14D2FD1CF6BD3900E525DE /* Build configuration list for PBXNativeTarget "sampleRecorderTests" */;
			buildPhases = (
				1B14D2E21CF6BD3900E525DE /* Sources */,
				1B14D2E31CF6BD3900E525DE /* Frameworks */,
				1B14D2E41CF6BD3900E525DE /* Resources */,
			);
			buildRules = (
			);
			dependencies = (
				1B14D2E81CF6BD3900E525DE /* PBXTargetDependency */,
			);
			name = sampleRecorderTests;
			productName = sampleRecorderTests;
			productReference = 1B14D2E61CF6BD3900E525DE /* sampleRecorderTests.xctest */;
			productType = "com.apple.product-type.bundle.unit-test";
		};
		1B14D2F01CF6BD3900E525DE /* sampleRecorderUITests */ = {
			isa = PBXNativeTarget;
			buildConfigurationList = 1B14D3001CF6BD3900E525DE /* Build configuration list for PBXNativeTarget "sampleRecorderUITests" */;
			buildPhases = (
				1B14D2ED1CF6BD3900E525DE /* Sources */,
				1B14D2EE1CF6BD3900E525DE /* Frameworks */,
				1B14D2EF1CF6BD3900E525DE /* Resources */,
			);
			buildRules = (
			);
			dependencies = (
				1B14D2F31CF6BD3900E525DE /* PBXTargetDependency */,
			);
			name = sampleRecorderUITests;
			productName = sampleRecorderUITests;
			productReference = 1B14D2F11CF6BD3900E525DE /* sampleRecorderUITests.xctest */;
			productType = "com.apple.product-type.bundle.ui-testing";
		};
/* End PBXNativeTarget section */

/* Begin PBXProject section */
		1B14D2CA1CF6BD3800E525DE /* Project object */ = {
			isa = PBXProject;
			attributes = {
				LastSwiftUpdateCheck = 0720;
				LastUpgradeCheck = 0720;
				ORGANIZATIONNAME = "Eriko Ichinohe";
				TargetAttributes = {
					1B14D2D11CF6BD3800E525DE = {
						CreatedOnToolsVersion = 7.2;
						LastSwiftMigration = 0810;
					};
					1B14D2E51CF6BD3900E525DE = {
						CreatedOnToolsVersion = 7.2;
						LastSwiftMigration = 0810;
						TestTargetID = 1B14D2D11CF6BD3800E525DE;
					};
					1B14D2F01CF6BD3900E525DE = {
						CreatedOnToolsVersion = 7.2;
						LastSwiftMigration = 0810;
						TestTargetID = 1B14D2D11CF6BD3800E525DE;
					};
				};
			};
			buildConfigurationList = 1B14D2CD1CF6BD3800E525DE /* Build configuration list for PBXProject "sampleRecorder" */;
			compatibilityVersion = "Xcode 3.2";
			developmentRegion = English;
			hasScannedForEncodings = 0;
			knownRegions = (
				en,
				Base,
			);
			mainGroup = 1B14D2C91CF6BD3800E525DE;
			productRefGroup = 1B14D2D31CF6BD3800E525DE /* Products */;
			projectDirPath = "";
			projectRoot = "";
			targets = (
				1B14D2D11CF6BD3800E525DE /* sampleRecorder */,
				1B14D2E51CF6BD3900E525DE /* sampleRecorderTests */,
				1B14D2F01CF6BD3900E525DE /* sampleRecorderUITests */,
			);
		};
/* End PBXProject section */

/* Begin PBXResourcesBuildPhase section */
		1B14D2D01CF6BD3800E525DE /* Resources */ = {
			isa = PBXResourcesBuildPhase;
			buildActionMask = 2147483647;
			files = (
				1B14D2E01CF6BD3800E525DE /* LaunchScreen.storyboard in Resources */,
				1B14D2DD1CF6BD3800E525DE /* Assets.xcassets in Resources */,
				1B14D2DB1CF6BD3800E525DE /* Main.storyboard in Resources */,
			);
			runOnlyForDeploymentPostprocessing = 0;
		};
		1B14D2E41CF6BD3900E525DE /* Resources */ = {
			isa = PBXResourcesBuildPhase;
			buildActionMask = 2147483647;
			files = (
			);
			runOnlyForDeploymentPostprocessing = 0;
		};
		1B14D2EF1CF6BD3900E525DE /* Resources */ = {
			isa = PBXResourcesBuildPhase;
			buildActionMask = 2147483647;
			files = (
			);
			runOnlyForDeploymentPostprocessing = 0;
		};
/* End PBXResourcesBuildPhase section */

/* Begin PBXSourcesBuildPhase section */
		1B14D2CE1CF6BD3800E525DE /* Sources */ = {
			isa = PBXSourcesBuildPhase;
			buildActionMask = 2147483647;
			files = (
				1B14D2D81CF6BD3800E525DE /* ViewController.swift in Sources */,
				1B14D2D61CF6BD3800E525DE /* AppDelegate.swift in Sources */,
			);
			runOnlyForDeploymentPostprocessing = 0;
		};
		1B14D2E21CF6BD3900E525DE /* Sources */ = {
			isa = PBXSourcesBuildPhase;
			buildActionMask = 2147483647;
			files = (
				1B14D2EB1CF6BD3900E525DE /* sampleRecorderTests.swift in Sources */,
			);
			runOnlyForDeploymentPostprocessing = 0;
		};
		1B14D2ED1CF6BD3900E525DE /* Sources */ = {
			isa = PBXSourcesBuildPhase;
			buildActionMask = 2147483647;
			files = (
				1B14D2F61CF6BD3900E525DE /* sampleRecorderUITests.swift in Sources */,
			);
			runOnlyForDeploymentPostprocessing = 0;
		};
/* End PBXSourcesBuildPhase section */

/* Begin PBXTargetDependency section */
		1B14D2E81CF6BD3900E525DE /* PBXTargetDependency */ = {
			isa = PBXTargetDependency;
			target = 1B14D2D11CF6BD3800E525DE /* sampleRecorder */;
			targetProxy = 1B14D2E71CF6BD3900E525DE /* PBXContainerItemProxy */;
		};
		1B14D2F31CF6BD3900E525DE /* PBXTargetDependency */ = {
			isa = PBXTargetDependency;
			target = 1B14D2D11CF6BD3800E525DE /* sampleRecorder */;
			targetProxy = 1B14D2F21CF6BD3900E525DE /* PBXContainerItemProxy */;
		};
/* End PBXTargetDependency section */

/* Begin PBXVariantGroup section */
		1B14D2D91CF6BD3800E525DE /* Main.storyboard */ = {
			isa = PBXVariantGroup;
			children = (
				1B14D2DA1CF6BD3800E525DE /* Base */,
			);
			name = Main.storyboard;
			sourceTree = "<group>";
		};
		1B14D2DE1CF6BD3800E525DE /* LaunchScreen.storyboard */ = {
			isa = PBXVariantGroup;
			children = (
				1B14D2DF1CF6BD3800E525DE /* Base */,
			);
			name = LaunchScreen.storyboard;
			sourceTree = "<group>";
		};
/* End PBXVariantGroup section */

/* Begin XCBuildConfiguration section */
		1B14D2F81CF6BD3900E525DE /* Debug */ = {
			isa = XCBuildConfiguration;
			buildSettings = {
				ALWAYS_SEARCH_USER_PATHS = NO;
				CLANG_CXX_LANGUAGE_STANDARD = "gnu++0x";
				CLANG_CXX_LIBRARY = "libc++";
				CLANG_ENABLE_MODULES = YES;
				CLANG_ENABLE_OBJC_ARC = YES;
				CLANG_WARN_BOOL_CONVERSION = YES;
				CLANG_WARN_CONSTANT_CONVERSION = YES;
				CLANG_WARN_DIRECT_OBJC_ISA_USAGE = YES_ERROR;
				CLANG_WARN_EMPTY_BODY = YES;
				CLANG_WARN_ENUM_CONVERSION = YES;
				CLANG_WARN_INT_CONVERSION = YES;
				CLANG_WARN_OBJC_ROOT_CLASS = YES_ERROR;
				CLANG_WARN_UNREACHABLE_CODE = YES;
				CLANG_WARN__DUPLICATE_METHOD_MATCH = YES;
				"CODE_SIGN_IDENTITY[sdk=iphoneos*]" = "iPhone Developer";
				COPY_PHASE_STRIP = NO;
				DEBUG_INFORMATION_FORMAT = dwarf;
				ENABLE_STRICT_OBJC_MSGSEND = YES;
				ENABLE_TESTABILITY = YES;
				GCC_C_LANGUAGE_STANDARD = gnu99;
				GCC_DYNAMIC_NO_PIC = NO;
				GCC_NO_COMMON_BLOCKS = YES;
				GCC_OPTIMIZATION_LEVEL = 0;
				GCC_PREPROCESSOR_DEFINITIONS = (
					"DEBUG=1",
					"$(inherited)",
				);
				GCC_WARN_64_TO_32_BIT_CONVERSION = YES;
				GCC_WARN_ABOUT_RETURN_TYPE = YES_ERROR;
				GCC_WARN_UNDECLARED_SELECTOR = YES;
				GCC_WARN_UNINITIALIZED_AUTOS = YES_AGGRESSIVE;
				GCC_WARN_UNUSED_FUNCTION = YES;
				GCC_WARN_UNUSED_VARIABLE = YES;
				IPHONEOS_DEPLOYMENT_TARGET = 9.2;
				MTL_ENABLE_DEBUG_INFO = YES;
				ONLY_ACTIVE_ARCH = YES;
				SDKROOT = iphoneos;
				SWIFT_OPTIMIZATION_LEVEL = "-Onone";
			};
			name = Debug;
		};
		1B14D2F91CF6BD3900E525DE /* Release */ = {
			isa = XCBuildConfiguration;
			buildSettings = {
				ALWAYS_SEARCH_USER_PATHS = NO;
				CLANG_CXX_LANGUAGE_STANDARD = "gnu++0x";
				CLANG_CXX_LIBRARY = "libc++";
				CLANG_ENABLE_MODULES = YES;
				CLANG_ENABLE_OBJC_ARC = YES;
				CLANG_WARN_BOOL_CONVERSION = YES;
				CLANG_WARN_CONSTANT_CONVERSION = YES;
				CLANG_WARN_DIRECT_OBJC_ISA_USAGE = YES_ERROR;
				CLANG_WARN_EMPTY_BODY = YES;
				CLANG_WARN_ENUM_CONVERSION = YES;
				CLANG_WARN_INT_CONVERSION = YES;
				CLANG_WARN_OBJC_ROOT_CLASS = YES_ERROR;
				CLANG_WARN_UNREACHABLE_CODE = YES;
				CLANG_WARN__DUPLICATE_METHOD_MATCH = YES;
				"CODE_SIGN_IDENTITY[sdk=iphoneos*]" = "iPhone Developer";
				COPY_PHASE_STRIP = NO;
				DEBUG_INFORMATION_FORMAT = "dwarf-with-dsym";
				ENABLE_NS_ASSERTIONS = NO;
				ENABLE_STRICT_OBJC_MSGSEND = YES;
				GCC_C_LANGUAGE_STANDARD = gnu99;
				GCC_NO_COMMON_BLOCKS = YES;
				GCC_WARN_64_TO_32_BIT_CONVERSION = YES;
				GCC_WARN_ABOUT_RETURN_TYPE = YES_ERROR;
				GCC_WARN_UNDECLARED_SELECTOR = YES;
				GCC_WARN_UNINITIALIZED_AUTOS = YES_AGGRESSIVE;
				GCC_WARN_UNUSED_FUNCTION = YES;
				GCC_WARN_UNUSED_VARIABLE = YES;
				IPHONEOS_DEPLOYMENT_TARGET = 9.2;
				MTL_ENABLE_DEBUG_INFO = NO;
				SDKROOT = iphoneos;
				VALIDATE_PRODUCT = YES;
			};
			name = Release;
		};
		1B14D2FB1CF6BD3900E525DE /* Debug */ = {
			isa = XCBuildConfiguration;
			buildSettings = {
				ASSETCATALOG_COMPILER_APPICON_NAME = AppIcon;
				INFOPLIST_FILE = sampleRecorder/Info.plist;
				LD_RUNPATH_SEARCH_PATHS = "$(inherited) @executable_path/Frameworks";
				PRODUCT_BUNDLE_IDENTIFIER = com.erikoichinohe.sampleRecorder;
				PRODUCT_NAME = "$(TARGET_NAME)";
				SWIFT_VERSION = 3.0;
			};
			name = Debug;
		};
		1B14D2FC1CF6BD3900E525DE /* Release */ = {
			isa = XCBuildConfiguration;
			buildSettings = {
				ASSETCATALOG_COMPILER_APPICON_NAME = AppIcon;
				INFOPLIST_FILE = sampleRecorder/Info.plist;
				LD_RUNPATH_SEARCH_PATHS = "$(inherited) @executable_path/Frameworks";
				PRODUCT_BUNDLE_IDENTIFIER = com.erikoichinohe.sampleRecorder;
				PRODUCT_NAME = "$(TARGET_NAME)";
				SWIFT_VERSION = 3.0;
			};
			name = Release;
		};
		1B14D2FE1CF6BD3900E525DE /* Debug */ = {
			isa = XCBuildConfiguration;
			buildSettings = {
				BUNDLE_LOADER = "$(TEST_HOST)";
				INFOPLIST_FILE = sampleRecorderTests/Info.plist;
				LD_RUNPATH_SEARCH_PATHS = "$(inherited) @executable_path/Frameworks @loader_path/Frameworks";
				PRODUCT_BUNDLE_IDENTIFIER = com.erikoichinohe.sampleRecorderTests;
				PRODUCT_NAME = "$(TARGET_NAME)";
				SWIFT_VERSION = 3.0;
				TEST_HOST = "$(BUILT_PRODUCTS_DIR)/sampleRecorder.app/sampleRecorder";
			};
			name = Debug;
		};
		1B14D2FF1CF6BD3900E525DE /* Release */ = {
			isa = XCBuildConfiguration;
			buildSettings = {
				BUNDLE_LOADER = "$(TEST_HOST)";
				INFOPLIST_FILE = sampleRecorderTests/Info.plist;
				LD_RUNPATH_SEARCH_PATHS = "$(inherited) @executable_path/Frameworks @loader_path/Frameworks";
				PRODUCT_BUNDLE_IDENTIFIER = com.erikoichinohe.sampleRecorderTests;
				PRODUCT_NAME = "$(TARGET_NAME)";
				SWIFT_VERSION = 3.0;
				TEST_HOST = "$(BUILT_PRODUCTS_DIR)/sampleRecorder.app/sampleRecorder";
			};
			name = Release;
		};
		1B14D3011CF6BD3900E525DE /* Debug */ = {
			isa = XCBuildConfiguration;
			buildSettings = {
				INFOPLIST_FILE = sampleRecorderUITests/Info.plist;
				LD_RUNPATH_SEARCH_PATHS = "$(inherited) @executable_path/Frameworks @loader_path/Frameworks";
				PRODUCT_BUNDLE_IDENTIFIER = com.erikoichinohe.sampleRecorderUITests;
				PRODUCT_NAME = "$(TARGET_NAME)";
				SWIFT_VERSION = 3.0;
				TEST_TARGET_NAME = sampleRecorder;
				USES_XCTRUNNER = YES;
			};
			name = Debug;
		};
		1B14D3021CF6BD3900E525DE /* Release */ = {
			isa = XCBuildConfiguration;
			buildSettings = {
				INFOPLIST_FILE = sampleRecorderUITests/Info.plist;
				LD_RUNPATH_SEARCH_PATHS = "$(inherited) @executable_path/Frameworks @loader_path/Frameworks";
				PRODUCT_BUNDLE_IDENTIFIER = com.erikoichinohe.sampleRecorderUITests;
				PRODUCT_NAME = "$(TARGET_NAME)";
				SWIFT_VERSION = 3.0;
				TEST_TARGET_NAME = sampleRecorder;
				USES_XCTRUNNER = YES;
			};
			name = Release;
		};
/* End XCBuildConfiguration section */

/* Begin XCConfigurationList section */
		1B14D2CD1CF6BD3800E525DE /* Build configuration list for PBXProject "sampleRecorder" */ = {
			isa = XCConfigurationList;
			buildConfigurations = (
				1B14D2F81CF6BD3900E525DE /* Debug */,
				1B14D2F91CF6BD3900E525DE /* Release */,
			);
			defaultConfigurationIsVisible = 0;
			defaultConfigurationName = Release;
		};
		1B14D2FA1CF6BD3900E525DE /* Build configuration list for PBXNativeTarget "sampleRecorder" */ = {
			isa = XCConfigurationList;
			buildConfigurations = (
				1B14D2FB1CF6BD3900E525DE /* Debug */,
				1B14D2FC1CF6BD3900E525DE /* Release */,
			);
			defaultConfigurationIsVisible = 0;
			defaultConfigurationName = Release;
		};
		1B14D2FD1CF6BD3900E525DE /* Build configuration list for PBXNativeTarget "sampleRecorderTests" */ = {
			isa = XCConfigurationList;
			buildConfigurations = (
				1B14D2FE1CF6BD3900E525DE /* Debug */,
				1B14D2FF1CF6BD3900E525DE /* Release */,
			);
			defaultConfigurationIsVisible = 0;
			defaultConfigurationName = Release;
		};
		1B14D3001CF6BD3900E525DE /* Build configuration list for PBXNativeTarget "sampleRecorderUITests" */ = {
			isa = XCConfigurationList;
			buildConfigurations = (
				1B14D3011CF6BD3900E525DE /* Debug */,
				1B14D3021CF6BD3900E525DE /* Release */,
			);
			defaultConfigurationIsVisible = 0;
			defaultConfigurationName = Release;
		};
/* End XCConfigurationList section */
	};
	rootObject = 1B14D2CA1CF6BD3800E525DE /* Project object */;
}
